// !$*UTF8*$!
{
	archiveVersion = 1;
	classes = {
	};
	objectVersion = 50;
	objects = {

/* Begin PBXBuildFile section */
		D18EB2A1240F3FFE0016AE79 /* AppDelegate.swift in Sources */ = {isa = PBXBuildFile; fileRef = D18EB2A0240F3FFE0016AE79 /* AppDelegate.swift */; };
		D18EB2A3240F3FFE0016AE79 /* SceneDelegate.swift in Sources */ = {isa = PBXBuildFile; fileRef = D18EB2A2240F3FFE0016AE79 /* SceneDelegate.swift */; };
		D18EB2A5240F3FFE0016AE79 /* ViewController.swift in Sources */ = {isa = PBXBuildFile; fileRef = D18EB2A4240F3FFE0016AE79 /* ViewController.swift */; };
		D18EB2A8240F3FFE0016AE79 /* Main.storyboard in Resources */ = {isa = PBXBuildFile; fileRef = D18EB2A6240F3FFE0016AE79 /* Main.storyboard */; };
		D18EB2AA240F3FFF0016AE79 /* Assets.xcassets in Resources */ = {isa = PBXBuildFile; fileRef = D18EB2A9240F3FFF0016AE79 /* Assets.xcassets */; };
		D18EB2AD240F3FFF0016AE79 /* LaunchScreen.storyboard in Resources */ = {isa = PBXBuildFile; fileRef = D18EB2AB240F3FFF0016AE79 /* LaunchScreen.storyboard */; };
/* End PBXBuildFile section */

/* Begin PBXFileReference section */
		D18EB29D240F3FFE0016AE79 /* Tappero.app */ = {isa = PBXFileReference; explicitFileType = wrapper.application; includeInIndex = 0; path = Tappero.app; sourceTree = BUILT_PRODUCTS_DIR; };
		D18EB2A0240F3FFE0016AE79 /* AppDelegate.swift */ = {isa = PBXFileReference; lastKnownFileType = sourcecode.swift; path = AppDelegate.swift; sourceTree = "<group>"; };
		D18EB2A2240F3FFE0016AE79 /* SceneDelegate.swift */ = {isa = PBXFileReference; lastKnownFileType = sourcecode.swift; path = SceneDelegate.swift; sourceTree = "<group>"; };
		D18EB2A4240F3FFE0016AE79 /* ViewController.swift */ = {isa = PBXFileReference; lastKnownFileType = sourcecode.swift; path = ViewController.swift; sourceTree = "<group>"; };
		D18EB2A7240F3FFE0016AE79 /* Base */ = {isa = PBXFileReference; lastKnownFileType = file.storyboard; name = Base; path = Base.lproj/Main.storyboard; sourceTree = "<group>"; };
		D18EB2A9240F3FFF0016AE79 /* Assets.xcassets */ = {isa = PBXFileReference; lastKnownFileType = folder.assetcatalog; path = Assets.xcassets; sourceTree = "<group>"; };
		D18EB2AC240F3FFF0016AE79 /* Base */ = {isa = PBXFileReference; lastKnownFileType = file.storyboard; name = Base; path = Base.lproj/LaunchScreen.storyboard; sourceTree = "<group>"; };
		D18EB2AE240F3FFF0016AE79 /* Info.plist */ = {isa = PBXFileReference; lastKnownFileType = text.plist.xml; path = Info.plist; sourceTree = "<group>"; };
/* End PBXFileReference section */

/* Begin PBXFrameworksBuildPhase section */
		D18EB29A240F3FFE0016AE79 /* Frameworks */ = {
			isa = PBXFrameworksBuildPhase;
			buildActionMask = 2147483647;
			files = (
			);
			runOnlyForDeploymentPostprocessing = 0;
		};
/* End PBXFrameworksBuildPhase section */

/* Begin PBXGroup section */
		D18EB294240F3FFE0016AE79 = {
			isa = PBXGroup;
			children = (
				D18EB29F240F3FFE0016AE79 /* Tappero */,
				D18EB29E240F3FFE0016AE79 /* Products */,
			);
			sourceTree = "<group>";
		};
		D18EB29E240F3FFE0016AE79 /* Products */ = {
			isa = PBXGroup;
			children = (
				D18EB29D240F3FFE0016AE79 /* Tappero.app */,
			);
			name = Products;
			sourceTree = "<group>";
		};
		D18EB29F240F3FFE0016AE79 /* Tappero */ = {
			isa = PBXGroup;
			children = (
				D18EB2A0240F3FFE0016AE79 /* AppDelegate.swift */,
				D18EB2A2240F3FFE0016AE79 /* SceneDelegate.swift */,
				D18EB2A4240F3FFE0016AE79 /* ViewController.swift */,
				D18EB2A6240F3FFE0016AE79 /* Main.storyboard */,
				D18EB2A9240F3FFF0016AE79 /* Assets.xcassets */,
				D18EB2AB240F3FFF0016AE79 /* LaunchScreen.storyboard */,
				D18EB2AE240F3FFF0016AE79 /* Info.plist */,
			);
			path = Tappero;
			sourceTree = "<group>";
		};
/* End PBXGroup section */

/* Begin PBXNativeTarget section */
		D18EB29C240F3FFE0016AE79 /* Tappero */ = {
			isa = PBXNativeTarget;
			buildConfigurationList = D18EB2B1240F3FFF0016AE79 /* Build configuration list for PBXNativeTarget "Tappero" */;
			buildPhases = (
				D18EB299240F3FFE0016AE79 /* Sources */,
				D18EB29A240F3FFE0016AE79 /* Frameworks */,
				D18EB29B240F3FFE0016AE79 /* Resources */,
			);
			buildRules = (
			);
			dependencies = (
			);
			name = Tappero;
			productName = Tappero;
			productReference = D18EB29D240F3FFE0016AE79 /* Tappero.app */;
			productType = "com.apple.product-type.application";
		};
/* End PBXNativeTarget section */

/* Begin PBXProject section */
		D18EB295240F3FFE0016AE79 /* Project object */ = {
			isa = PBXProject;
			attributes = {
				LastSwiftUpdateCheck = 1130;
				LastUpgradeCheck = 1130;
				ORGANIZATIONNAME = stevhen;
				TargetAttributes = {
					D18EB29C240F3FFE0016AE79 = {
						CreatedOnToolsVersion = 11.3.1;
					};
				};
			};
			buildConfigurationList = D18EB298240F3FFE0016AE79 /* Build configuration list for PBXProject "Tappero" */;
			compatibilityVersion = "Xcode 9.3";
			developmentRegion = en;
			hasScannedForEncodings = 0;
			knownRegions = (
				en,
				Base,
			);
			mainGroup = D18EB294240F3FFE0016AE79;
			productRefGroup = D18EB29E240F3FFE0016AE79 /* Products */;
			projectDirPath = "";
			projectRoot = "";
			targets = (
				D18EB29C240F3FFE0016AE79 /* Tappero */,
			);
		};
/* End PBXProject section */

/* Begin PBXResourcesBuildPhase section */
		D18EB29B240F3FFE0016AE79 /* Resources */ = {
			isa = PBXResourcesBuildPhase;
			buildActionMask = 2147483647;
			files = (
				D18EB2AD240F3FFF0016AE79 /* LaunchScreen.storyboard in Resources */,
				D18EB2AA240F3FFF0016AE79 /* Assets.xcassets in Resources */,
				D18EB2A8240F3FFE0016AE79 /* Main.storyboard in Resources */,
			);
			runOnlyForDeploymentPostprocessing = 0;
		};
/* End PBXResourcesBuildPhase section */

/* Begin PBXSourcesBuildPhase section */
		D18EB299240F3FFE0016AE79 /* Sources */ = {
			isa = PBXSourcesBuildPhase;
			buildActionMask = 2147483647;
			files = (
				D18EB2A5240F3FFE0016AE79 /* ViewController.swift in Sources */,
				D18EB2A1240F3FFE0016AE79 /* AppDelegate.swift in Sources */,
				D18EB2A3240F3FFE0016AE79 /* SceneDelegate.swift in Sources */,
			);
			runOnlyForDeploymentPostprocessing = 0;
		};
/* End PBXSourcesBuildPhase section */

/* Begin PBXVariantGroup section */
		D18EB2A6240F3FFE0016AE79 /* Main.storyboard */ = {
			isa = PBXVariantGroup;
			children = (
				D18EB2A7240F3FFE0016AE79 /* Base */,
			);
			name = Main.storyboard;
			sourceTree = "<group>";
		};
		D18EB2AB240F3FFF0016AE79 /* LaunchScreen.storyboard */ = {
			isa = PBXVariantGroup;
			children = (
				D18EB2AC240F3FFF0016AE79 /* Base */,
			);
			name = LaunchScreen.storyboard;
			sourceTree = "<group>";
		};
/* End PBXVariantGroup section */

/* Begin XCBuildConfiguration section */
		D18EB2AF240F3FFF0016AE79 /* Debug */ = {
			isa = XCBuildConfiguration;
			buildSettings = {
				ALWAYS_SEARCH_USER_PATHS = NO;
				CLANG_ANALYZER_NONNULL = YES;
				CLANG_ANALYZER_NUMBER_OBJECT_CONVERSION = YES_AGGRESSIVE;
				CLANG_CXX_LANGUAGE_STANDARD = "gnu++14";
				CLANG_CXX_LIBRARY = "libc++";
				CLANG_ENABLE_MODULES = YES;
				CLANG_ENABLE_OBJC_ARC = YES;
				CLANG_ENABLE_OBJC_WEAK = YES;
				CLANG_WARN_BLOCK_CAPTURE_AUTORELEASING = YES;
				CLANG_WARN_BOOL_CONVERSION = YES;
				CLANG_WARN_COMMA = YES;
				CLANG_WARN_CONSTANT_CONVERSION = YES;
				CLANG_WARN_DEPRECATED_OBJC_IMPLEMENTATIONS = YES;
				CLANG_WARN_DIRECT_OBJC_ISA_USAGE = YES_ERROR;
				CLANG_WARN_DOCUMENTATION_COMMENTS = YES;
				CLANG_WARN_EMPTY_BODY = YES;
				CLANG_WARN_ENUM_CONVERSION = YES;
				CLANG_WARN_INFINITE_RECURSION = YES;
				CLANG_WARN_INT_CONVERSION = YES;
				CLANG_WARN_NON_LITERAL_NULL_CONVERSION = YES;
				CLANG_WARN_OBJC_IMPLICIT_RETAIN_SELF = YES;
				CLANG_WARN_OBJC_LITERAL_CONVERSION = YES;
				CLANG_WARN_OBJC_ROOT_CLASS = YES_ERROR;
				CLANG_WARN_RANGE_LOOP_ANALYSIS = YES;
				CLANG_WARN_STRICT_PROTOTYPES = YES;
				CLANG_WARN_SUSPICIOUS_MOVE = YES;
				CLANG_WARN_UNGUARDED_AVAILABILITY = YES_AGGRESSIVE;
				CLANG_WARN_UNREACHABLE_CODE = YES;
				CLANG_WARN__DUPLICATE_METHOD_MATCH = YES;
				COPY_PHASE_STRIP = NO;
				DEBUG_INFORMATION_FORMAT = dwarf;
				ENABLE_STRICT_OBJC_MSGSEND = YES;
				ENABLE_TESTABILITY = YES;
				GCC_C_LANGUAGE_STANDARD = gnu11;
				GCC_DYNAMIC_NO_PIC = NO;
				GCC_NO_COMMON_BLOCKS = YES;
				GCC_OPTIMIZATION_LEVEL = 0;
				GCC_PREPROCESSOR_DEFINITIONS = (
					"DEBUG=1",
					"$(inherited)",
				);
				GCC_WARN_64_TO_32_BIT_CONVERSION = YES;
				GCC_WARN_ABOUT_RETURN_TYPE = YES_ERROR;
				GCC_WARN_UNDECLARED_SELECTOR = YES;
				GCC_WARN_UNINITIALIZED_AUTOS = YES_AGGRESSIVE;
				GCC_WARN_UNUSED_FUNCTION = YES;
				GCC_WARN_UNUSED_VARIABLE = YES;
				IPHONEOS_DEPLOYMENT_TARGET = 13.2;
				MTL_ENABLE_DEBUG_INFO = INCLUDE_SOURCE;
				MTL_FAST_MATH = YES;
				ONLY_ACTIVE_ARCH = YES;
				SDKROOT = iphoneos;
				SWIFT_ACTIVE_COMPILATION_CONDITIONS = DEBUG;
				SWIFT_OPTIMIZATION_LEVEL = "-Onone";
			};
			name = Debug;
		};
		D18EB2B0240F3FFF0016AE79 /* Release */ = {
			isa = XCBuildConfiguration;
			buildSettings = {
				ALWAYS_SEARCH_USER_PATHS = NO;
				CLANG_ANALYZER_NONNULL = YES;
				CLANG_ANALYZER_NUMBER_OBJECT_CONVERSION = YES_AGGRESSIVE;
				CLANG_CXX_LANGUAGE_STANDARD = "gnu++14";
				CLANG_CXX_LIBRARY = "libc++";
				CLANG_ENABLE_MODULES = YES;
				CLANG_ENABLE_OBJC_ARC = YES;
				CLANG_ENABLE_OBJC_WEAK = YES;
				CLANG_WARN_BLOCK_CAPTURE_AUTORELEASING = YES;
				CLANG_WARN_BOOL_CONVERSION = YES;
				CLANG_WARN_COMMA = YES;
				CLANG_WARN_CONSTANT_CONVERSION = YES;
				CLANG_WARN_DEPRECATED_OBJC_IMPLEMENTATIONS = YES;
				CLANG_WARN_DIRECT_OBJC_ISA_USAGE = YES_ERROR;
				CLANG_WARN_DOCUMENTATION_COMMENTS = YES;
				CLANG_WARN_EMPTY_BODY = YES;
				CLANG_WARN_ENUM_CONVERSION = YES;
				CLANG_WARN_INFINITE_RECURSION = YES;
				CLANG_WARN_INT_CONVERSION = YES;
				CLANG_WARN_NON_LITERAL_NULL_CONVERSION = YES;
				CLANG_WARN_OBJC_IMPLICIT_RETAIN_SELF = YES;
				CLANG_WARN_OBJC_LITERAL_CONVERSION = YES;
				CLANG_WARN_OBJC_ROOT_CLASS = YES_ERROR;
				CLANG_WARN_RANGE_LOOP_ANALYSIS = YES;
				CLANG_WARN_STRICT_PROTOTYPES = YES;
				CLANG_WARN_SUSPICIOUS_MOVE = YES;
				CLANG_WARN_UNGUARDED_AVAILABILITY = YES_AGGRESSIVE;
				CLANG_WARN_UNREACHABLE_CODE = YES;
				CLANG_WARN__DUPLICATE_METHOD_MATCH = YES;
				COPY_PHASE_STRIP = NO;
				DEBUG_INFORMATION_FORMAT = "dwarf-with-dsym";
				ENABLE_NS_ASSERTIONS = NO;
				ENABLE_STRICT_OBJC_MSGSEND = YES;
				GCC_C_LANGUAGE_STANDARD = gnu11;
				GCC_NO_COMMON_BLOCKS = YES;
				GCC_WARN_64_TO_32_BIT_CONVERSION = YES;
				GCC_WARN_ABOUT_RETURN_TYPE = YES_ERROR;
				GCC_WARN_UNDECLARED_SELECTOR = YES;
				GCC_WARN_UNINITIALIZED_AUTOS = YES_AGGRESSIVE;
				GCC_WARN_UNUSED_FUNCTION = YES;
				GCC_WARN_UNUSED_VARIABLE = YES;
				IPHONEOS_DEPLOYMENT_TARGET = 13.2;
				MTL_ENABLE_DEBUG_INFO = NO;
				MTL_FAST_MATH = YES;
				SDKROOT = iphoneos;
				SWIFT_COMPILATION_MODE = wholemodule;
				SWIFT_OPTIMIZATION_LEVEL = "-O";
				VALIDATE_PRODUCT = YES;
			};
			name = Release;
		};
		D18EB2B2240F3FFF0016AE79 /* Debug */ = {
			isa = XCBuildConfiguration;
			buildSettings = {
				ASSETCATALOG_COMPILER_APPICON_NAME = AppIcon;
				CODE_SIGN_STYLE = Automatic;
				DEVELOPMENT_TEAM = WCTUNB2T49;
				INFOPLIST_FILE = Tappero/Info.plist;
				LD_RUNPATH_SEARCH_PATHS = (
					"$(inherited)",
					"@executable_path/Frameworks",
				);
				PRODUCT_BUNDLE_IDENTIFIER = com.stevhen.Tappero;
				PRODUCT_NAME = "$(TARGET_NAME)";
				SWIFT_VERSION = 5.0;
				TARGETED_DEVICE_FAMILY = "1,2";
			};
			name = Debug;
		};
		D18EB2B3240F3FFF0016AE79 /* Release */ = {
			isa = XCBuildConfiguration;
			buildSettings = {
				ASSETCATALOG_COMPILER_APPICON_NAME = AppIcon;
				CODE_SIGN_STYLE = Automatic;
				DEVELOPMENT_TEAM = WCTUNB2T49;
				INFOPLIST_FILE = Tappero/Info.plist;
				LD_RUNPATH_SEARCH_PATHS = (
					"$(inherited)",
					"@executable_path/Frameworks",
				);
				PRODUCT_BUNDLE_IDENTIFIER = com.stevhen.Tappero;
				PRODUCT_NAME = "$(TARGET_NAME)";
				SWIFT_VERSION = 5.0;
				TARGETED_DEVICE_FAMILY = "1,2";
			};
			name = Release;
		};
/* End XCBuildConfiguration section */

/* Begin XCConfigurationList section */
		D18EB298240F3FFE0016AE79 /* Build configuration list for PBXProject "Tappero" */ = {
			isa = XCConfigurationList;
			buildConfigurations = (
				D18EB2AF240F3FFF0016AE79 /* Debug */,
				D18EB2B0240F3FFF0016AE79 /* Release */,
			);
			defaultConfigurationIsVisible = 0;
			defaultConfigurationName = Release;
		};
		D18EB2B1240F3FFF0016AE79 /* Build configuration list for PBXNativeTarget "Tappero" */ = {
			isa = XCConfigurationList;
			buildConfigurations = (
				D18EB2B2240F3FFF0016AE79 /* Debug */,
				D18EB2B3240F3FFF0016AE79 /* Release */,
			);
			defaultConfigurationIsVisible = 0;
			defaultConfigurationName = Release;
		};
/* End XCConfigurationList section */
	};
	rootObject = D18EB295240F3FFE0016AE79 /* Project object */;
}
